
Microsoft Visual Studio Solution File, Format Version 12.00
# Visual Studio Version 16
VisualStudioVersion = 16.0.31515.178
MinimumVisualStudioVersion = 10.0.40219.1
Project("{FAE04EC0-301F-11D3-BF4B-00C04F79EFBC}") = "MaxAndMin", "CSharp1\MaxAndMin.csproj", "{2264FC0E-6ACB-4A81-ADBE-365B9CAAF258}"
EndProject
Project("{FAE04EC0-301F-11D3-BF4B-00C04F79EFBC}") = "BoxingAndUnboxing", "BoxingAndUnboxing\BoxingAndUnboxing.csproj", "{F8F5B8B9-C199-4BEE-B9B6-9B128A167655}"
EndProject
Project("{FAE04EC0-301F-11D3-BF4B-00C04F79EFBC}") = "ConditionalStatements", "ConditionalStatements\ConditionalStatements.csproj", "{805E0124-E186-45DB-B5CA-B2DFB35B28BF}"
EndProject
Project("{FAE04EC0-301F-11D3-BF4B-00C04F79EFBC}") = "Loops", "Loops\Loops.csproj", "{7FEC6C1D-ACE9-4648-BD30-84F6859D655A}"
EndProject
Project("{FAE04EC0-301F-11D3-BF4B-00C04F79EFBC}") = "Array", "Array\Array.csproj", "{292DFE8E-1F1D-4CBC-84E9-5F0D451EB7C1}"
EndProject
Project("{FAE04EC0-301F-11D3-BF4B-00C04F79EFBC}") = "SortArray", "SortArray\SortArray.csproj", "{39653A3E-CC48-4B32-82D4-823213DFCE79}"
EndProject
Project("{FAE04EC0-301F-11D3-BF4B-00C04F79EFBC}") = "ArrayList", "ArrayList\ArrayList.csproj", "{9F950BC6-1865-4879-82A4-97D1C40285F7}"
EndProject
Project("{FAE04EC0-301F-11D3-BF4B-00C04F79EFBC}") = "Stack", "Stack\Stack.csproj", "{160C04C2-CA22-4A87-A794-1A65DDC91D6B}"
EndProject
Project("{FAE04EC0-301F-11D3-BF4B-00C04F79EFBC}") = "Queue", "Queue\Queue.csproj", "{BBABA2AA-4008-4CB9-B2B2-B0282E30F23E}"
EndProject
Global
	GlobalSection(SolutionConfigurationPlatforms) = preSolution
		Debug|Any CPU = Debug|Any CPU
		Release|Any CPU = Release|Any CPU
	EndGlobalSection
	GlobalSection(ProjectConfigurationPlatforms) = postSolution
		{2264FC0E-6ACB-4A81-ADBE-365B9CAAF258}.Debug|Any CPU.ActiveCfg = Debug|Any CPU
		{2264FC0E-6ACB-4A81-ADBE-365B9CAAF258}.Debug|Any CPU.Build.0 = Debug|Any CPU
		{2264FC0E-6ACB-4A81-ADBE-365B9CAAF258}.Release|Any CPU.ActiveCfg = Release|Any CPU
		{2264FC0E-6ACB-4A81-ADBE-365B9CAAF258}.Release|Any CPU.Build.0 = Release|Any CPU
		{F8F5B8B9-C199-4BEE-B9B6-9B128A167655}.Debug|Any CPU.ActiveCfg = Debug|Any CPU
		{F8F5B8B9-C199-4BEE-B9B6-9B128A167655}.Debug|Any CPU.Build.0 = Debug|Any CPU
		{F8F5B8B9-C199-4BEE-B9B6-9B128A167655}.Release|Any CPU.ActiveCfg = Release|Any CPU
		{F8F5B8B9-C199-4BEE-B9B6-9B128A167655}.Release|Any CPU.Build.0 = Release|Any CPU
		{805E0124-E186-45DB-B5CA-B2DFB35B28BF}.Debug|Any CPU.ActiveCfg = Debug|Any CPU
		{805E0124-E186-45DB-B5CA-B2DFB35B28BF}.Debug|Any CPU.Build.0 = Debug|Any CPU
		{805E0124-E186-45DB-B5CA-B2DFB35B28BF}.Release|Any CPU.ActiveCfg = Release|Any CPU
		{805E0124-E186-45DB-B5CA-B2DFB35B28BF}.Release|Any CPU.Build.0 = Release|Any CPU
		{7FEC6C1D-ACE9-4648-BD30-84F6859D655A}.Debug|Any CPU.ActiveCfg = Debug|Any CPU
		{7FEC6C1D-ACE9-4648-BD30-84F6859D655A}.Debug|Any CPU.Build.0 = Debug|Any CPU
		{7FEC6C1D-ACE9-4648-BD30-84F6859D655A}.Release|Any CPU.ActiveCfg = Release|Any CPU
		{7FEC6C1D-ACE9-4648-BD30-84F6859D655A}.Release|Any CPU.Build.0 = Release|Any CPU
		{292DFE8E-1F1D-4CBC-84E9-5F0D451EB7C1}.Debug|Any CPU.ActiveCfg = Debug|Any CPU
		{292DFE8E-1F1D-4CBC-84E9-5F0D451EB7C1}.Debug|Any CPU.Build.0 = Debug|Any CPU
		{292DFE8E-1F1D-4CBC-84E9-5F0D451EB7C1}.Release|Any CPU.ActiveCfg = Release|Any CPU
		{292DFE8E-1F1D-4CBC-84E9-5F0D451EB7C1}.Release|Any CPU.Build.0 = Release|Any CPU
		{39653A3E-CC48-4B32-82D4-823213DFCE79}.Debug|Any CPU.ActiveCfg = Debug|Any CPU
		{39653A3E-CC48-4B32-82D4-823213DFCE79}.Debug|Any CPU.Build.0 = Debug|Any CPU
		{39653A3E-CC48-4B32-82D4-823213DFCE79}.Release|Any CPU.ActiveCfg = Release|Any CPU
		{39653A3E-CC48-4B32-82D4-823213DFCE79}.Release|Any CPU.Build.0 = Release|Any CPU
		{9F950BC6-1865-4879-82A4-97D1C40285F7}.Debug|Any CPU.ActiveCfg = Debug|Any CPU
		{9F950BC6-1865-4879-82A4-97D1C40285F7}.Debug|Any CPU.Build.0 = Debug|Any CPU
		{9F950BC6-1865-4879-82A4-97D1C40285F7}.Release|Any CPU.ActiveCfg = Release|Any CPU
		{9F950BC6-1865-4879-82A4-97D1C40285F7}.Release|Any CPU.Build.0 = Release|Any CPU
		{160C04C2-CA22-4A87-A794-1A65DDC91D6B}.Debug|Any CPU.ActiveCfg = Debug|Any CPU
		{160C04C2-CA22-4A87-A794-1A65DDC91D6B}.Debug|Any CPU.Build.0 = Debug|Any CPU
		{160C04C2-CA22-4A87-A794-1A65DDC91D6B}.Release|Any CPU.ActiveCfg = Release|Any CPU
		{160C04C2-CA22-4A87-A794-1A65DDC91D6B}.Release|Any CPU.Build.0 = Release|Any CPU
		{BBABA2AA-4008-4CB9-B2B2-B0282E30F23E}.Debug|Any CPU.ActiveCfg = Debug|Any CPU
		{BBABA2AA-4008-4CB9-B2B2-B0282E30F23E}.Debug|Any CPU.Build.0 = Debug|Any CPU
		{BBABA2AA-4008-4CB9-B2B2-B0282E30F23E}.Release|Any CPU.ActiveCfg = Release|Any CPU
		{BBABA2AA-4008-4CB9-B2B2-B0282E30F23E}.Release|Any CPU.Build.0 = Release|Any CPU
	EndGlobalSection
	GlobalSection(SolutionProperties) = preSolution
		HideSolutionNode = FALSE
	EndGlobalSection
	GlobalSection(ExtensibilityGlobals) = postSolution
		SolutionGuid = {2BA62271-1ABF-478D-83A2-A850CB24C205}
	EndGlobalSection
EndGlobal
